// !$*UTF8*$!
{
	archiveVersion = 1;
	classes = {
	};
	objectVersion = 55;
	objects = {

/* Begin PBXBuildFile section */
		D9B1FCB92905B5C9002512B7 /* AppDelegate.swift in Sources */ = {isa = PBXBuildFile; fileRef = D9B1FCB82905B5C9002512B7 /* AppDelegate.swift */; };
		D9B1FCBB2905B5C9002512B7 /* SceneDelegate.swift in Sources */ = {isa = PBXBuildFile; fileRef = D9B1FCBA2905B5C9002512B7 /* SceneDelegate.swift */; };
		D9B1FCBD2905B5C9002512B7 /* ViewController.swift in Sources */ = {isa = PBXBuildFile; fileRef = D9B1FCBC2905B5C9002512B7 /* ViewController.swift */; };
		D9B1FCC02905B5C9002512B7 /* Main.storyboard in Resources */ = {isa = PBXBuildFile; fileRef = D9B1FCBE2905B5C9002512B7 /* Main.storyboard */; };
		D9B1FCC22905B5CA002512B7 /* Assets.xcassets in Resources */ = {isa = PBXBuildFile; fileRef = D9B1FCC12905B5CA002512B7 /* Assets.xcassets */; };
		D9B1FCC52905B5CA002512B7 /* LaunchScreen.storyboard in Resources */ = {isa = PBXBuildFile; fileRef = D9B1FCC32905B5CA002512B7 /* LaunchScreen.storyboard */; };
		D9B1FCD02905B5CA002512B7 /* UICollectionViewTests.swift in Sources */ = {isa = PBXBuildFile; fileRef = D9B1FCCF2905B5CA002512B7 /* UICollectionViewTests.swift */; };
		D9B1FCDA2905B5CA002512B7 /* UICollectionViewUITests.swift in Sources */ = {isa = PBXBuildFile; fileRef = D9B1FCD92905B5CA002512B7 /* UICollectionViewUITests.swift */; };
		D9B1FCDC2905B5CA002512B7 /* UICollectionViewUITestsLaunchTests.swift in Sources */ = {isa = PBXBuildFile; fileRef = D9B1FCDB2905B5CA002512B7 /* UICollectionViewUITestsLaunchTests.swift */; };
		D9B1FCEA2905B81B002512B7 /* MyCollectionViewCell.swift in Sources */ = {isa = PBXBuildFile; fileRef = D9B1FCE82905B81B002512B7 /* MyCollectionViewCell.swift */; };
		D9B1FCEB2905B81B002512B7 /* MyCollectionViewCell.xib in Resources */ = {isa = PBXBuildFile; fileRef = D9B1FCE92905B81B002512B7 /* MyCollectionViewCell.xib */; };
/* End PBXBuildFile section */

/* Begin PBXContainerItemProxy section */
		D9B1FCCC2905B5CA002512B7 /* PBXContainerItemProxy */ = {
			isa = PBXContainerItemProxy;
			containerPortal = D9B1FCAD2905B5C9002512B7 /* Project object */;
			proxyType = 1;
			remoteGlobalIDString = D9B1FCB42905B5C9002512B7;
			remoteInfo = UICollectionView;
		};
		D9B1FCD62905B5CA002512B7 /* PBXContainerItemProxy */ = {
			isa = PBXContainerItemProxy;
			containerPortal = D9B1FCAD2905B5C9002512B7 /* Project object */;
			proxyType = 1;
			remoteGlobalIDString = D9B1FCB42905B5C9002512B7;
			remoteInfo = UICollectionView;
		};
/* End PBXContainerItemProxy section */

/* Begin PBXFileReference section */
		D9B1FCB52905B5C9002512B7 /* UICollectionView.app */ = {isa = PBXFileReference; explicitFileType = wrapper.application; includeInIndex = 0; path = UICollectionView.app; sourceTree = BUILT_PRODUCTS_DIR; };
		D9B1FCB82905B5C9002512B7 /* AppDelegate.swift */ = {isa = PBXFileReference; lastKnownFileType = sourcecode.swift; path = AppDelegate.swift; sourceTree = "<group>"; };
		D9B1FCBA2905B5C9002512B7 /* SceneDelegate.swift */ = {isa = PBXFileReference; lastKnownFileType = sourcecode.swift; path = SceneDelegate.swift; sourceTree = "<group>"; };
		D9B1FCBC2905B5C9002512B7 /* ViewController.swift */ = {isa = PBXFileReference; lastKnownFileType = sourcecode.swift; path = ViewController.swift; sourceTree = "<group>"; };
		D9B1FCBF2905B5C9002512B7 /* Base */ = {isa = PBXFileReference; lastKnownFileType = file.storyboard; name = Base; path = Base.lproj/Main.storyboard; sourceTree = "<group>"; };
		D9B1FCC12905B5CA002512B7 /* Assets.xcassets */ = {isa = PBXFileReference; lastKnownFileType = folder.assetcatalog; path = Assets.xcassets; sourceTree = "<group>"; };
		D9B1FCC42905B5CA002512B7 /* Base */ = {isa = PBXFileReference; lastKnownFileType = file.storyboard; name = Base; path = Base.lproj/LaunchScreen.storyboard; sourceTree = "<group>"; };
		D9B1FCC62905B5CA002512B7 /* Info.plist */ = {isa = PBXFileReference; lastKnownFileType = text.plist.xml; path = Info.plist; sourceTree = "<group>"; };
		D9B1FCCB2905B5CA002512B7 /* UICollectionViewTests.xctest */ = {isa = PBXFileReference; explicitFileType = wrapper.cfbundle; includeInIndex = 0; path = UICollectionViewTests.xctest; sourceTree = BUILT_PRODUCTS_DIR; };
		D9B1FCCF2905B5CA002512B7 /* UICollectionViewTests.swift */ = {isa = PBXFileReference; lastKnownFileType = sourcecode.swift; path = UICollectionViewTests.swift; sourceTree = "<group>"; };
		D9B1FCD52905B5CA002512B7 /* UICollectionViewUITests.xctest */ = {isa = PBXFileReference; explicitFileType = wrapper.cfbundle; includeInIndex = 0; path = UICollectionViewUITests.xctest; sourceTree = BUILT_PRODUCTS_DIR; };
		D9B1FCD92905B5CA002512B7 /* UICollectionViewUITests.swift */ = {isa = PBXFileReference; lastKnownFileType = sourcecode.swift; path = UICollectionViewUITests.swift; sourceTree = "<group>"; };
		D9B1FCDB2905B5CA002512B7 /* UICollectionViewUITestsLaunchTests.swift */ = {isa = PBXFileReference; lastKnownFileType = sourcecode.swift; path = UICollectionViewUITestsLaunchTests.swift; sourceTree = "<group>"; };
		D9B1FCE82905B81B002512B7 /* MyCollectionViewCell.swift */ = {isa = PBXFileReference; lastKnownFileType = sourcecode.swift; path = MyCollectionViewCell.swift; sourceTree = "<group>"; };
		D9B1FCE92905B81B002512B7 /* MyCollectionViewCell.xib */ = {isa = PBXFileReference; lastKnownFileType = file.xib; path = MyCollectionViewCell.xib; sourceTree = "<group>"; };
/* End PBXFileReference section */

/* Begin PBXFrameworksBuildPhase section */
		D9B1FCB22905B5C9002512B7 /* Frameworks */ = {
			isa = PBXFrameworksBuildPhase;
			buildActionMask = 2147483647;
			files = (
			);
			runOnlyForDeploymentPostprocessing = 0;
		};
		D9B1FCC82905B5CA002512B7 /* Frameworks */ = {
			isa = PBXFrameworksBuildPhase;
			buildActionMask = 2147483647;
			files = (
			);
			runOnlyForDeploymentPostprocessing = 0;
		};
		D9B1FCD22905B5CA002512B7 /* Frameworks */ = {
			isa = PBXFrameworksBuildPhase;
			buildActionMask = 2147483647;
			files = (
			);
			runOnlyForDeploymentPostprocessing = 0;
		};
/* End PBXFrameworksBuildPhase section */

/* Begin PBXGroup section */
		D9B1FCAC2905B5C9002512B7 = {
			isa = PBXGroup;
			children = (
				D9B1FCB72905B5C9002512B7 /* UICollectionView */,
				D9B1FCCE2905B5CA002512B7 /* UICollectionViewTests */,
				D9B1FCD82905B5CA002512B7 /* UICollectionViewUITests */,
				D9B1FCB62905B5C9002512B7 /* Products */,
			);
			sourceTree = "<group>";
		};
		D9B1FCB62905B5C9002512B7 /* Products */ = {
			isa = PBXGroup;
			children = (
				D9B1FCB52905B5C9002512B7 /* UICollectionView.app */,
				D9B1FCCB2905B5CA002512B7 /* UICollectionViewTests.xctest */,
				D9B1FCD52905B5CA002512B7 /* UICollectionViewUITests.xctest */,
			);
			name = Products;
			sourceTree = "<group>";
		};
		D9B1FCB72905B5C9002512B7 /* UICollectionView */ = {
			isa = PBXGroup;
			children = (
				D9B1FCB82905B5C9002512B7 /* AppDelegate.swift */,
				D9B1FCBA2905B5C9002512B7 /* SceneDelegate.swift */,
				D9B1FCBC2905B5C9002512B7 /* ViewController.swift */,
				D9B1FCBE2905B5C9002512B7 /* Main.storyboard */,
				D9B1FCC12905B5CA002512B7 /* Assets.xcassets */,
				D9B1FCC32905B5CA002512B7 /* LaunchScreen.storyboard */,
				D9B1FCC62905B5CA002512B7 /* Info.plist */,
				D9B1FCE82905B81B002512B7 /* MyCollectionViewCell.swift */,
				D9B1FCE92905B81B002512B7 /* MyCollectionViewCell.xib */,
			);
			path = UICollectionView;
			sourceTree = "<group>";
		};
		D9B1FCCE2905B5CA002512B7 /* UICollectionViewTests */ = {
			isa = PBXGroup;
			children = (
				D9B1FCCF2905B5CA002512B7 /* UICollectionViewTests.swift */,
			);
			path = UICollectionViewTests;
			sourceTree = "<group>";
		};
		D9B1FCD82905B5CA002512B7 /* UICollectionViewUITests */ = {
			isa = PBXGroup;
			children = (
				D9B1FCD92905B5CA002512B7 /* UICollectionViewUITests.swift */,
				D9B1FCDB2905B5CA002512B7 /* UICollectionViewUITestsLaunchTests.swift */,
			);
			path = UICollectionViewUITests;
			sourceTree = "<group>";
		};
/* End PBXGroup section */

/* Begin PBXNativeTarget section */
		D9B1FCB42905B5C9002512B7 /* UICollectionView */ = {
			isa = PBXNativeTarget;
			buildConfigurationList = D9B1FCDF2905B5CA002512B7 /* Build configuration list for PBXNativeTarget "UICollectionView" */;
			buildPhases = (
				D9B1FCB12905B5C9002512B7 /* Sources */,
				D9B1FCB22905B5C9002512B7 /* Frameworks */,
				D9B1FCB32905B5C9002512B7 /* Resources */,
			);
			buildRules = (
			);
			dependencies = (
			);
			name = UICollectionView;
			productName = UICollectionView;
			productReference = D9B1FCB52905B5C9002512B7 /* UICollectionView.app */;
			productType = "com.apple.product-type.application";
		};
		D9B1FCCA2905B5CA002512B7 /* UICollectionViewTests */ = {
			isa = PBXNativeTarget;
			buildConfigurationList = D9B1FCE22905B5CA002512B7 /* Build configuration list for PBXNativeTarget "UICollectionViewTests" */;
			buildPhases = (
				D9B1FCC72905B5CA002512B7 /* Sources */,
				D9B1FCC82905B5CA002512B7 /* Frameworks */,
				D9B1FCC92905B5CA002512B7 /* Resources */,
			);
			buildRules = (
			);
			dependencies = (
				D9B1FCCD2905B5CA002512B7 /* PBXTargetDependency */,
			);
			name = UICollectionViewTests;
			productName = UICollectionViewTests;
			productReference = D9B1FCCB2905B5CA002512B7 /* UICollectionViewTests.xctest */;
			productType = "com.apple.product-type.bundle.unit-test";
		};
		D9B1FCD42905B5CA002512B7 /* UICollectionViewUITests */ = {
			isa = PBXNativeTarget;
			buildConfigurationList = D9B1FCE52905B5CA002512B7 /* Build configuration list for PBXNativeTarget "UICollectionViewUITests" */;
			buildPhases = (
				D9B1FCD12905B5CA002512B7 /* Sources */,
				D9B1FCD22905B5CA002512B7 /* Frameworks */,
				D9B1FCD32905B5CA002512B7 /* Resources */,
			);
			buildRules = (
			);
			dependencies = (
				D9B1FCD72905B5CA002512B7 /* PBXTargetDependency */,
			);
			name = UICollectionViewUITests;
			productName = UICollectionViewUITests;
			productReference = D9B1FCD52905B5CA002512B7 /* UICollectionViewUITests.xctest */;
			productType = "com.apple.product-type.bundle.ui-testing";
		};
/* End PBXNativeTarget section */

/* Begin PBXProject section */
		D9B1FCAD2905B5C9002512B7 /* Project object */ = {
			isa = PBXProject;
			attributes = {
				BuildIndependentTargetsInParallel = 1;
				LastSwiftUpdateCheck = 1340;
				LastUpgradeCheck = 1340;
				TargetAttributes = {
					D9B1FCB42905B5C9002512B7 = {
						CreatedOnToolsVersion = 13.4.1;
					};
					D9B1FCCA2905B5CA002512B7 = {
						CreatedOnToolsVersion = 13.4.1;
						TestTargetID = D9B1FCB42905B5C9002512B7;
					};
					D9B1FCD42905B5CA002512B7 = {
						CreatedOnToolsVersion = 13.4.1;
						TestTargetID = D9B1FCB42905B5C9002512B7;
					};
				};
			};
			buildConfigurationList = D9B1FCB02905B5C9002512B7 /* Build configuration list for PBXProject "UICollectionView" */;
			compatibilityVersion = "Xcode 13.0";
			developmentRegion = en;
			hasScannedForEncodings = 0;
			knownRegions = (
				en,
				Base,
			);
			mainGroup = D9B1FCAC2905B5C9002512B7;
			productRefGroup = D9B1FCB62905B5C9002512B7 /* Products */;
			projectDirPath = "";
			projectRoot = "";
			targets = (
				D9B1FCB42905B5C9002512B7 /* UICollectionView */,
				D9B1FCCA2905B5CA002512B7 /* UICollectionViewTests */,
				D9B1FCD42905B5CA002512B7 /* UICollectionViewUITests */,
			);
		};
/* End PBXProject section */

/* Begin PBXResourcesBuildPhase section */
		D9B1FCB32905B5C9002512B7 /* Resources */ = {
			isa = PBXResourcesBuildPhase;
			buildActionMask = 2147483647;
			files = (
				D9B1FCC52905B5CA002512B7 /* LaunchScreen.storyboard in Resources */,
				D9B1FCC22905B5CA002512B7 /* Assets.xcassets in Resources */,
				D9B1FCEB2905B81B002512B7 /* MyCollectionViewCell.xib in Resources */,
				D9B1FCC02905B5C9002512B7 /* Main.storyboard in Resources */,
			);
			runOnlyForDeploymentPostprocessing = 0;
		};
		D9B1FCC92905B5CA002512B7 /* Resources */ = {
			isa = PBXResourcesBuildPhase;
			buildActionMask = 2147483647;
			files = (
			);
			runOnlyForDeploymentPostprocessing = 0;
		};
		D9B1FCD32905B5CA002512B7 /* Resources */ = {
			isa = PBXResourcesBuildPhase;
			buildActionMask = 2147483647;
			files = (
			);
			runOnlyForDeploymentPostprocessing = 0;
		};
/* End PBXResourcesBuildPhase section */

/* Begin PBXSourcesBuildPhase section */
		D9B1FCB12905B5C9002512B7 /* Sources */ = {
			isa = PBXSourcesBuildPhase;
			buildActionMask = 2147483647;
			files = (
				D9B1FCBD2905B5C9002512B7 /* ViewController.swift in Sources */,
				D9B1FCB92905B5C9002512B7 /* AppDelegate.swift in Sources */,
				D9B1FCEA2905B81B002512B7 /* MyCollectionViewCell.swift in Sources */,
				D9B1FCBB2905B5C9002512B7 /* SceneDelegate.swift in Sources */,
			);
			runOnlyForDeploymentPostprocessing = 0;
		};
		D9B1FCC72905B5CA002512B7 /* Sources */ = {
			isa = PBXSourcesBuildPhase;
			buildActionMask = 2147483647;
			files = (
				D9B1FCD02905B5CA002512B7 /* UICollectionViewTests.swift in Sources */,
			);
			runOnlyForDeploymentPostprocessing = 0;
		};
		D9B1FCD12905B5CA002512B7 /* Sources */ = {
			isa = PBXSourcesBuildPhase;
			buildActionMask = 2147483647;
			files = (
				D9B1FCDA2905B5CA002512B7 /* UICollectionViewUITests.swift in Sources */,
				D9B1FCDC2905B5CA002512B7 /* UICollectionViewUITestsLaunchTests.swift in Sources */,
			);
			runOnlyForDeploymentPostprocessing = 0;
		};
/* End PBXSourcesBuildPhase section */

/* Begin PBXTargetDependency section */
		D9B1FCCD2905B5CA002512B7 /* PBXTargetDependency */ = {
			isa = PBXTargetDependency;
			target = D9B1FCB42905B5C9002512B7 /* UICollectionView */;
			targetProxy = D9B1FCCC2905B5CA002512B7 /* PBXContainerItemProxy */;
		};
		D9B1FCD72905B5CA002512B7 /* PBXTargetDependency */ = {
			isa = PBXTargetDependency;
			target = D9B1FCB42905B5C9002512B7 /* UICollectionView */;
			targetProxy = D9B1FCD62905B5CA002512B7 /* PBXContainerItemProxy */;
		};
/* End PBXTargetDependency section */

/* Begin PBXVariantGroup section */
		D9B1FCBE2905B5C9002512B7 /* Main.storyboard */ = {
			isa = PBXVariantGroup;
			children = (
				D9B1FCBF2905B5C9002512B7 /* Base */,
			);
			name = Main.storyboard;
			sourceTree = "<group>";
		};
		D9B1FCC32905B5CA002512B7 /* LaunchScreen.storyboard */ = {
			isa = PBXVariantGroup;
			children = (
				D9B1FCC42905B5CA002512B7 /* Base */,
			);
			name = LaunchScreen.storyboard;
			sourceTree = "<group>";
		};
/* End PBXVariantGroup section */

/* Begin XCBuildConfiguration section */
		D9B1FCDD2905B5CA002512B7 /* Debug */ = {
			isa = XCBuildConfiguration;
			buildSettings = {
				ALWAYS_SEARCH_USER_PATHS = NO;
				CLANG_ANALYZER_NONNULL = YES;
				CLANG_ANALYZER_NUMBER_OBJECT_CONVERSION = YES_AGGRESSIVE;
				CLANG_CXX_LANGUAGE_STANDARD = "gnu++17";
				CLANG_ENABLE_MODULES = YES;
				CLANG_ENABLE_OBJC_ARC = YES;
				CLANG_ENABLE_OBJC_WEAK = YES;
				CLANG_WARN_BLOCK_CAPTURE_AUTORELEASING = YES;
				CLANG_WARN_BOOL_CONVERSION = YES;
				CLANG_WARN_COMMA = YES;
				CLANG_WARN_CONSTANT_CONVERSION = YES;
				CLANG_WARN_DEPRECATED_OBJC_IMPLEMENTATIONS = YES;
				CLANG_WARN_DIRECT_OBJC_ISA_USAGE = YES_ERROR;
				CLANG_WARN_DOCUMENTATION_COMMENTS = YES;
				CLANG_WARN_EMPTY_BODY = YES;
				CLANG_WARN_ENUM_CONVERSION = YES;
				CLANG_WARN_INFINITE_RECURSION = YES;
				CLANG_WARN_INT_CONVERSION = YES;
				CLANG_WARN_NON_LITERAL_NULL_CONVERSION = YES;
				CLANG_WARN_OBJC_IMPLICIT_RETAIN_SELF = YES;
				CLANG_WARN_OBJC_LITERAL_CONVERSION = YES;
				CLANG_WARN_OBJC_ROOT_CLASS = YES_ERROR;
				CLANG_WARN_QUOTED_INCLUDE_IN_FRAMEWORK_HEADER = YES;
				CLANG_WARN_RANGE_LOOP_ANALYSIS = YES;
				CLANG_WARN_STRICT_PROTOTYPES = YES;
				CLANG_WARN_SUSPICIOUS_MOVE = YES;
				CLANG_WARN_UNGUARDED_AVAILABILITY = YES_AGGRESSIVE;
				CLANG_WARN_UNREACHABLE_CODE = YES;
				CLANG_WARN__DUPLICATE_METHOD_MATCH = YES;
				COPY_PHASE_STRIP = NO;
				DEBUG_INFORMATION_FORMAT = dwarf;
				ENABLE_STRICT_OBJC_MSGSEND = YES;
				ENABLE_TESTABILITY = YES;
				GCC_C_LANGUAGE_STANDARD = gnu11;
				GCC_DYNAMIC_NO_PIC = NO;
				GCC_NO_COMMON_BLOCKS = YES;
				GCC_OPTIMIZATION_LEVEL = 0;
				GCC_PREPROCESSOR_DEFINITIONS = (
					"DEBUG=1",
					"$(inherited)",
				);
				GCC_WARN_64_TO_32_BIT_CONVERSION = YES;
				GCC_WARN_ABOUT_RETURN_TYPE = YES_ERROR;
				GCC_WARN_UNDECLARED_SELECTOR = YES;
				GCC_WARN_UNINITIALIZED_AUTOS = YES_AGGRESSIVE;
				GCC_WARN_UNUSED_FUNCTION = YES;
				GCC_WARN_UNUSED_VARIABLE = YES;
				IPHONEOS_DEPLOYMENT_TARGET = 15.5;
				MTL_ENABLE_DEBUG_INFO = INCLUDE_SOURCE;
				MTL_FAST_MATH = YES;
				ONLY_ACTIVE_ARCH = YES;
				SDKROOT = iphoneos;
				SWIFT_ACTIVE_COMPILATION_CONDITIONS = DEBUG;
				SWIFT_OPTIMIZATION_LEVEL = "-Onone";
			};
			name = Debug;
		};
		D9B1FCDE2905B5CA002512B7 /* Release */ = {
			isa = XCBuildConfiguration;
			buildSettings = {
				ALWAYS_SEARCH_USER_PATHS = NO;
				CLANG_ANALYZER_NONNULL = YES;
				CLANG_ANALYZER_NUMBER_OBJECT_CONVERSION = YES_AGGRESSIVE;
				CLANG_CXX_LANGUAGE_STANDARD = "gnu++17";
				CLANG_ENABLE_MODULES = YES;
				CLANG_ENABLE_OBJC_ARC = YES;
				CLANG_ENABLE_OBJC_WEAK = YES;
				CLANG_WARN_BLOCK_CAPTURE_AUTORELEASING = YES;
				CLANG_WARN_BOOL_CONVERSION = YES;
				CLANG_WARN_COMMA = YES;
				CLANG_WARN_CONSTANT_CONVERSION = YES;
				CLANG_WARN_DEPRECATED_OBJC_IMPLEMENTATIONS = YES;
				CLANG_WARN_DIRECT_OBJC_ISA_USAGE = YES_ERROR;
				CLANG_WARN_DOCUMENTATION_COMMENTS = YES;
				CLANG_WARN_EMPTY_BODY = YES;
				CLANG_WARN_ENUM_CONVERSION = YES;
				CLANG_WARN_INFINITE_RECURSION = YES;
				CLANG_WARN_INT_CONVERSION = YES;
				CLANG_WARN_NON_LITERAL_NULL_CONVERSION = YES;
				CLANG_WARN_OBJC_IMPLICIT_RETAIN_SELF = YES;
				CLANG_WARN_OBJC_LITERAL_CONVERSION = YES;
				CLANG_WARN_OBJC_ROOT_CLASS = YES_ERROR;
				CLANG_WARN_QUOTED_INCLUDE_IN_FRAMEWORK_HEADER = YES;
				CLANG_WARN_RANGE_LOOP_ANALYSIS = YES;
				CLANG_WARN_STRICT_PROTOTYPES = YES;
				CLANG_WARN_SUSPICIOUS_MOVE = YES;
				CLANG_WARN_UNGUARDED_AVAILABILITY = YES_AGGRESSIVE;
				CLANG_WARN_UNREACHABLE_CODE = YES;
				CLANG_WARN__DUPLICATE_METHOD_MATCH = YES;
				COPY_PHASE_STRIP = NO;
				DEBUG_INFORMATION_FORMAT = "dwarf-with-dsym";
				ENABLE_NS_ASSERTIONS = NO;
				ENABLE_STRICT_OBJC_MSGSEND = YES;
				GCC_C_LANGUAGE_STANDARD = gnu11;
				GCC_NO_COMMON_BLOCKS = YES;
				GCC_WARN_64_TO_32_BIT_CONVERSION = YES;
				GCC_WARN_ABOUT_RETURN_TYPE = YES_ERROR;
				GCC_WARN_UNDECLARED_SELECTOR = YES;
				GCC_WARN_UNINITIALIZED_AUTOS = YES_AGGRESSIVE;
				GCC_WARN_UNUSED_FUNCTION = YES;
				GCC_WARN_UNUSED_VARIABLE = YES;
				IPHONEOS_DEPLOYMENT_TARGET = 15.5;
				MTL_ENABLE_DEBUG_INFO = NO;
				MTL_FAST_MATH = YES;
				SDKROOT = iphoneos;
				SWIFT_COMPILATION_MODE = wholemodule;
				SWIFT_OPTIMIZATION_LEVEL = "-O";
				VALIDATE_PRODUCT = YES;
			};
			name = Release;
		};
		D9B1FCE02905B5CA002512B7 /* Debug */ = {
			isa = XCBuildConfiguration;
			buildSettings = {
				ASSETCATALOG_COMPILER_APPICON_NAME = AppIcon;
				ASSETCATALOG_COMPILER_GLOBAL_ACCENT_COLOR_NAME = AccentColor;
				CODE_SIGN_STYLE = Automatic;
				CURRENT_PROJECT_VERSION = 1;
				GENERATE_INFOPLIST_FILE = YES;
				INFOPLIST_FILE = UICollectionView/Info.plist;
				INFOPLIST_KEY_UIApplicationSupportsIndirectInputEvents = YES;
				INFOPLIST_KEY_UILaunchStoryboardName = LaunchScreen;
				INFOPLIST_KEY_UIMainStoryboardFile = Main;
				INFOPLIST_KEY_UISupportedInterfaceOrientations_iPad = "UIInterfaceOrientationPortrait UIInterfaceOrientationPortraitUpsideDown UIInterfaceOrientationLandscapeLeft UIInterfaceOrientationLandscapeRight";
				INFOPLIST_KEY_UISupportedInterfaceOrientations_iPhone = "UIInterfaceOrientationPortrait UIInterfaceOrientationLandscapeLeft UIInterfaceOrientationLandscapeRight";
				LD_RUNPATH_SEARCH_PATHS = (
					"$(inherited)",
					"@executable_path/Frameworks",
				);
				MARKETING_VERSION = 1.0;
				PRODUCT_BUNDLE_IDENTIFIER = com.pankajverma.UICollectionView.UICollectionView;
				PRODUCT_NAME = "$(TARGET_NAME)";
				SWIFT_EMIT_LOC_STRINGS = YES;
				SWIFT_VERSION = 5.0;
				TARGETED_DEVICE_FAMILY = "1,2";
			};
			name = Debug;
		};
		D9B1FCE12905B5CA002512B7 /* Release */ = {
			isa = XCBuildConfiguration;
			buildSettings = {
				ASSETCATALOG_COMPILER_APPICON_NAME = AppIcon;
				ASSETCATALOG_COMPILER_GLOBAL_ACCENT_COLOR_NAME = AccentColor;
				CODE_SIGN_STYLE = Automatic;
				CURRENT_PROJECT_VERSION = 1;
				GENERATE_INFOPLIST_FILE = YES;
				INFOPLIST_FILE = UICollectionView/Info.plist;
				INFOPLIST_KEY_UIApplicationSupportsIndirectInputEvents = YES;
				INFOPLIST_KEY_UILaunchStoryboardName = LaunchScreen;
				INFOPLIST_KEY_UIMainStoryboardFile = Main;
				INFOPLIST_KEY_UISupportedInterfaceOrientations_iPad = "UIInterfaceOrientationPortrait UIInterfaceOrientationPortraitUpsideDown UIInterfaceOrientationLandscapeLeft UIInterfaceOrientationLandscapeRight";
				INFOPLIST_KEY_UISupportedInterfaceOrientations_iPhone = "UIInterfaceOrientationPortrait UIInterfaceOrientationLandscapeLeft UIInterfaceOrientationLandscapeRight";
				LD_RUNPATH_SEARCH_PATHS = (
					"$(inherited)",
					"@executable_path/Frameworks",
				);
				MARKETING_VERSION = 1.0;
				PRODUCT_BUNDLE_IDENTIFIER = com.pankajverma.UICollectionView.UICollectionView;
				PRODUCT_NAME = "$(TARGET_NAME)";
				SWIFT_EMIT_LOC_STRINGS = YES;
				SWIFT_VERSION = 5.0;
				TARGETED_DEVICE_FAMILY = "1,2";
			};
			name = Release;
		};
		D9B1FCE32905B5CA002512B7 /* Debug */ = {
			isa = XCBuildConfiguration;
			buildSettings = {
				ALWAYS_EMBED_SWIFT_STANDARD_LIBRARIES = YES;
				BUNDLE_LOADER = "$(TEST_HOST)";
				CODE_SIGN_STYLE = Automatic;
				CURRENT_PROJECT_VERSION = 1;
				GENERATE_INFOPLIST_FILE = YES;
				IPHONEOS_DEPLOYMENT_TARGET = 15.5;
				MARKETING_VERSION = 1.0;
				PRODUCT_BUNDLE_IDENTIFIER = com.pankajverma.UICollectionView.UICollectionViewTests;
				PRODUCT_NAME = "$(TARGET_NAME)";
				SWIFT_EMIT_LOC_STRINGS = NO;
				SWIFT_VERSION = 5.0;
				TARGETED_DEVICE_FAMILY = "1,2";
				TEST_HOST = "$(BUILT_PRODUCTS_DIR)/UICollectionView.app/UICollectionView";
			};
			name = Debug;
		};
		D9B1FCE42905B5CA002512B7 /* Release */ = {
			isa = XCBuildConfiguration;
			buildSettings = {
				ALWAYS_EMBED_SWIFT_STANDARD_LIBRARIES = YES;
				BUNDLE_LOADER = "$(TEST_HOST)";
				CODE_SIGN_STYLE = Automatic;
				CURRENT_PROJECT_VERSION = 1;
				GENERATE_INFOPLIST_FILE = YES;
				IPHONEOS_DEPLOYMENT_TARGET = 15.5;
				MARKETING_VERSION = 1.0;
				PRODUCT_BUNDLE_IDENTIFIER = com.pankajverma.UICollectionView.UICollectionViewTests;
				PRODUCT_NAME = "$(TARGET_NAME)";
				SWIFT_EMIT_LOC_STRINGS = NO;
				SWIFT_VERSION = 5.0;
				TARGETED_DEVICE_FAMILY = "1,2";
				TEST_HOST = "$(BUILT_PRODUCTS_DIR)/UICollectionView.app/UICollectionView";
			};
			name = Release;
		};
		D9B1FCE62905B5CA002512B7 /* Debug */ = {
			isa = XCBuildConfiguration;
			buildSettings = {
				ALWAYS_EMBED_SWIFT_STANDARD_LIBRARIES = YES;
				CODE_SIGN_STYLE = Automatic;
				CURRENT_PROJECT_VERSION = 1;
				GENERATE_INFOPLIST_FILE = YES;
				MARKETING_VERSION = 1.0;
				PRODUCT_BUNDLE_IDENTIFIER = com.pankajverma.UICollectionView.UICollectionViewUITests;
				PRODUCT_NAME = "$(TARGET_NAME)";
				SWIFT_EMIT_LOC_STRINGS = NO;
				SWIFT_VERSION = 5.0;
				TARGETED_DEVICE_FAMILY = "1,2";
				TEST_TARGET_NAME = UICollectionView;
			};
			name = Debug;
		};
		D9B1FCE72905B5CA002512B7 /* Release */ = {
			isa = XCBuildConfiguration;
			buildSettings = {
				ALWAYS_EMBED_SWIFT_STANDARD_LIBRARIES = YES;
				CODE_SIGN_STYLE = Automatic;
				CURRENT_PROJECT_VERSION = 1;
				GENERATE_INFOPLIST_FILE = YES;
				MARKETING_VERSION = 1.0;
				PRODUCT_BUNDLE_IDENTIFIER = com.pankajverma.UICollectionView.UICollectionViewUITests;
				PRODUCT_NAME = "$(TARGET_NAME)";
				SWIFT_EMIT_LOC_STRINGS = NO;
				SWIFT_VERSION = 5.0;
				TARGETED_DEVICE_FAMILY = "1,2";
				TEST_TARGET_NAME = UICollectionView;
			};
			name = Release;
		};
/* End XCBuildConfiguration section */

/* Begin XCConfigurationList section */
		D9B1FCB02905B5C9002512B7 /* Build configuration list for PBXProject "UICollectionView" */ = {
			isa = XCConfigurationList;
			buildConfigurations = (
				D9B1FCDD2905B5CA002512B7 /* Debug */,
				D9B1FCDE2905B5CA002512B7 /* Release */,
			);
			defaultConfigurationIsVisible = 0;
			defaultConfigurationName = Release;
		};
		D9B1FCDF2905B5CA002512B7 /* Build configuration list for PBXNativeTarget "UICollectionView" */ = {
			isa = XCConfigurationList;
			buildConfigurations = (
				D9B1FCE02905B5CA002512B7 /* Debug */,
				D9B1FCE12905B5CA002512B7 /* Release */,
			);
			defaultConfigurationIsVisible = 0;
			defaultConfigurationName = Release;
		};
		D9B1FCE22905B5CA002512B7 /* Build configuration list for PBXNativeTarget "UICollectionViewTests" */ = {
			isa = XCConfigurationList;
			buildConfigurations = (
				D9B1FCE32905B5CA002512B7 /* Debug */,
				D9B1FCE42905B5CA002512B7 /* Release */,
			);
			defaultConfigurationIsVisible = 0;
			defaultConfigurationName = Release;
		};
		D9B1FCE52905B5CA002512B7 /* Build configuration list for PBXNativeTarget "UICollectionViewUITests" */ = {
			isa = XCConfigurationList;
			buildConfigurations = (
				D9B1FCE62905B5CA002512B7 /* Debug */,
				D9B1FCE72905B5CA002512B7 /* Release */,
			);
			defaultConfigurationIsVisible = 0;
			defaultConfigurationName = Release;
		};
/* End XCConfigurationList section */
	};
	rootObject = D9B1FCAD2905B5C9002512B7 /* Project object */;
}
